
Microsoft Visual Studio Solution File, Format Version 12.00
# Visual Studio Version 17
VisualStudioVersion = 17.9.34728.123
MinimumVisualStudioVersion = 10.0.40219.1
Project("{FAE04EC0-301F-11D3-BF4B-00C04F79EFBC}") = "MarkAPI.API", "MarkAPI.API\MarkAPI.API.csproj", "{E65E3D2C-41D4-417A-8B3D-6BF35B938910}"
EndProject
Project("{FAE04EC0-301F-11D3-BF4B-00C04F79EFBC}") = "MarkAPI.CORE", "MarkAPI.CORE\MarkAPI.CORE.csproj", "{E6B6DBD6-78C5-4A66-A0A1-0147BC272C68}"
EndProject
Project("{FAE04EC0-301F-11D3-BF4B-00C04F79EFBC}") = "MarkAPI.DAL", "MarkAPI.DAL\MarkAPI.DAL.csproj", "{F09ACEFF-8D73-4AF7-A337-47F74770C4B7}"
EndProject
Project("{FAE04EC0-301F-11D3-BF4B-00C04F79EFBC}") = "MarkAPI.Bussines", "MarkAPI.Bussines\MarkAPI.Bussines.csproj", "{BDC21ED5-42DC-4003-A485-E254ED1CD689}"
EndProject
Global
	GlobalSection(SolutionConfigurationPlatforms) = preSolution
		Debug|Any CPU = Debug|Any CPU
		Release|Any CPU = Release|Any CPU
	EndGlobalSection
	GlobalSection(ProjectConfigurationPlatforms) = postSolution
		{E65E3D2C-41D4-417A-8B3D-6BF35B938910}.Debug|Any CPU.ActiveCfg = Debug|Any CPU
		{E65E3D2C-41D4-417A-8B3D-6BF35B938910}.Debug|Any CPU.Build.0 = Debug|Any CPU
		{E65E3D2C-41D4-417A-8B3D-6BF35B938910}.Release|Any CPU.ActiveCfg = Release|Any CPU
		{E65E3D2C-41D4-417A-8B3D-6BF35B938910}.Release|Any CPU.Build.0 = Release|Any CPU
		{E6B6DBD6-78C5-4A66-A0A1-0147BC272C68}.Debug|Any CPU.ActiveCfg = Debug|Any CPU
		{E6B6DBD6-78C5-4A66-A0A1-0147BC272C68}.Debug|Any CPU.Build.0 = Debug|Any CPU
		{E6B6DBD6-78C5-4A66-A0A1-0147BC272C68}.Release|Any CPU.ActiveCfg = Release|Any CPU
		{E6B6DBD6-78C5-4A66-A0A1-0147BC272C68}.Release|Any CPU.Build.0 = Release|Any CPU
		{F09ACEFF-8D73-4AF7-A337-47F74770C4B7}.Debug|Any CPU.ActiveCfg = Debug|Any CPU
		{F09ACEFF-8D73-4AF7-A337-47F74770C4B7}.Debug|Any CPU.Build.0 = Debug|Any CPU
		{F09ACEFF-8D73-4AF7-A337-47F74770C4B7}.Release|Any CPU.ActiveCfg = Release|Any CPU
		{F09ACEFF-8D73-4AF7-A337-47F74770C4B7}.Release|Any CPU.Build.0 = Release|Any CPU
		{BDC21ED5-42DC-4003-A485-E254ED1CD689}.Debug|Any CPU.ActiveCfg = Debug|Any CPU
		{BDC21ED5-42DC-4003-A485-E254ED1CD689}.Debug|Any CPU.Build.0 = Debug|Any CPU
		{BDC21ED5-42DC-4003-A485-E254ED1CD689}.Release|Any CPU.ActiveCfg = Release|Any CPU
		{BDC21ED5-42DC-4003-A485-E254ED1CD689}.Release|Any CPU.Build.0 = Release|Any CPU
	EndGlobalSection
	GlobalSection(SolutionProperties) = preSolution
		HideSolutionNode = FALSE
	EndGlobalSection
	GlobalSection(ExtensibilityGlobals) = postSolution
		SolutionGuid = {A3906BFE-862A-452B-B21C-F44878BF02FE}
	EndGlobalSection
EndGlobal
